
Microsoft Visual Studio Solution File, Format Version 12.00
# Visual Studio Version 16
VisualStudioVersion = 16.0.29920.165
MinimumVisualStudioVersion = 10.0.40219.1
Project("{FAE04EC0-301F-11D3-BF4B-00C04F79EFBC}") = "Ex05.CheckersLogic", "Ex05.CheckersLogic\Ex05.CheckersLogic.csproj", "{78E019DA-468C-4904-A599-7E73F81D1ECC}"
EndProject
Project("{FAE04EC0-301F-11D3-BF4B-00C04F79EFBC}") = "Ex05.CheckersWindowsUI", "Ex05.CheckersWindowsUI\Ex05.CheckersWindowsUI.csproj", "{00E36382-24D2-4BFB-A946-18C9FC36C43F}"
EndProject
Global
	GlobalSection(SolutionConfigurationPlatforms) = preSolution
		Debug|Any CPU = Debug|Any CPU
		Release|Any CPU = Release|Any CPU
	EndGlobalSection
	GlobalSection(ProjectConfigurationPlatforms) = postSolution
		{78E019DA-468C-4904-A599-7E73F81D1ECC}.Debug|Any CPU.ActiveCfg = Debug|Any CPU
		{78E019DA-468C-4904-A599-7E73F81D1ECC}.Debug|Any CPU.Build.0 = Debug|Any CPU
		{78E019DA-468C-4904-A599-7E73F81D1ECC}.Release|Any CPU.ActiveCfg = Release|Any CPU
		{78E019DA-468C-4904-A599-7E73F81D1ECC}.Release|Any CPU.Build.0 = Release|Any CPU
		{00E36382-24D2-4BFB-A946-18C9FC36C43F}.Debug|Any CPU.ActiveCfg = Debug|Any CPU
		{00E36382-24D2-4BFB-A946-18C9FC36C43F}.Debug|Any CPU.Build.0 = Debug|Any CPU
		{00E36382-24D2-4BFB-A946-18C9FC36C43F}.Release|Any CPU.ActiveCfg = Release|Any CPU
		{00E36382-24D2-4BFB-A946-18C9FC36C43F}.Release|Any CPU.Build.0 = Release|Any CPU
	EndGlobalSection
	GlobalSection(SolutionProperties) = preSolution
		HideSolutionNode = FALSE
	EndGlobalSection
	GlobalSection(ExtensibilityGlobals) = postSolution
		SolutionGuid = {584292A3-F09A-45FB-9E3E-AC59A1D454AD}
	EndGlobalSection
EndGlobal
